
Microsoft Visual Studio Solution File, Format Version 12.00
# Visual Studio 15
VisualStudioVersion = 15.0.27130.2027
MinimumVisualStudioVersion = 10.0.40219.1
Project("{FAE04EC0-301F-11D3-BF4B-00C04F79EFBC}") = "OmnideskSDK", "OmnideskSDK\OmnideskSDK.csproj", "{065878AF-4804-4394-8934-809B4D7B0DE1}"
EndProject
Project("{FAE04EC0-301F-11D3-BF4B-00C04F79EFBC}") = "Test", "Test\Test.csproj", "{A89C8128-1718-4CFA-BA6A-73E1B07D828E}"
EndProject
Global
	GlobalSection(SolutionConfigurationPlatforms) = preSolution
		Debug|Any CPU = Debug|Any CPU
		Release|Any CPU = Release|Any CPU
	EndGlobalSection
	GlobalSection(ProjectConfigurationPlatforms) = postSolution
		{065878AF-4804-4394-8934-809B4D7B0DE1}.Debug|Any CPU.ActiveCfg = Debug|Any CPU
		{065878AF-4804-4394-8934-809B4D7B0DE1}.Debug|Any CPU.Build.0 = Debug|Any CPU
		{065878AF-4804-4394-8934-809B4D7B0DE1}.Release|Any CPU.ActiveCfg = Release|Any CPU
		{065878AF-4804-4394-8934-809B4D7B0DE1}.Release|Any CPU.Build.0 = Release|Any CPU
		{A89C8128-1718-4CFA-BA6A-73E1B07D828E}.Debug|Any CPU.ActiveCfg = Debug|Any CPU
		{A89C8128-1718-4CFA-BA6A-73E1B07D828E}.Debug|Any CPU.Build.0 = Debug|Any CPU
		{A89C8128-1718-4CFA-BA6A-73E1B07D828E}.Release|Any CPU.ActiveCfg = Release|Any CPU
		{A89C8128-1718-4CFA-BA6A-73E1B07D828E}.Release|Any CPU.Build.0 = Release|Any CPU
	EndGlobalSection
	GlobalSection(SolutionProperties) = preSolution
		HideSolutionNode = FALSE
	EndGlobalSection
	GlobalSection(ExtensibilityGlobals) = postSolution
		SolutionGuid = {8F3B3425-3EE4-4621-892F-F7343EC83F54}
	EndGlobalSection
EndGlobal
